{
    "_meta": {
        "hash": {
            "sha256": "8f5c952a4c335016f4fd5833f305eafe4dfcb9736871973352f0ad87b9a2eb04"
        },
        "pipfile-spec": 6,
        "requires": {
            "python_version": "3.8"
        },
        "sources": [
            {
                "name": "pypi",
                "url": "https://pypi.org/simple",
                "verify_ssl": true
            }
        ]
    },
    "default": {
        "certifi": {
            "hashes": [
                "sha256:5930595817496dd21bb8dc35dad090f1c2cd0adfaf21204bf6732ca5d8ee34d3",
                "sha256:8fc0819f1f30ba15bdb34cceffb9ef04d99f420f68eb75d901e9560b8749fc41"
            ],
            "version": "==2020.6.20"
        },
        "chardet": {
            "hashes": [
                "sha256:84ab92ed1c4d4f16916e05906b6b75a6c0fb5db821cc65e70cbd64a3e2a5eaae",
                "sha256:fc323ffcaeaed0e0a02bf4d117757b98aed530d9ed4531e3e15460124c106691"
            ],
            "index": "pypi",
            "version": "==3.0.4"
        },
        "defusedxml": {
            "hashes": [
                "sha256:6687150770438374ab581bb7a1b327a847dd9c5749e396102de3fad4e8a3ef93",
                "sha256:f684034d135af4c6cbb949b8a4d2ed61634515257a67299e5f940fbaa34377f5"
            ],
            "version": "==0.6.0"
        },
        "django": {
            "hashes": [
                "sha256:84f370f6acedbe1f3c41e1a02de44ac206efda3355e427139ecb785b5f596d80",
                "sha256:e8fe3c2b2212dce6126becab7a693157f1a441a07b62ec994c046c76af5bb66d"
            ],
            "index": "pypi",
            "version": "==2.2.13"
        },
        "django-allauth": {
            "hashes": [
                "sha256:7ab91485b80d231da191d5c7999ba93170ef1bf14ab6487d886598a1ad03e1d8"
            ],
            "index": "pypi",
            "version": "==0.41.0"
        },
        "django-autocomplete-light": {
            "hashes": [
                "sha256:52e8d468060a5911c44300a374d74058c90e65bfdf87ace151abac67279c4ae5"
            ],
            "index": "pypi",
            "version": "==3.5.1"
        },
        "django-cleanup": {
            "hashes": [
                "sha256:412c3f9417ddaaaa561b60237b109550b16e556db92d4616278fc7e1ad9ab0a4",
                "sha256:b2bdb590eccc1a8e0688d5c6224080d3bb4a77e5bad1688fbe452d8c3454d755"
            ],
            "index": "pypi",
            "version": "==4.0.0"
        },
        "django-crispy-forms": {
            "hashes": [
                "sha256:0afc0ba730f52a13c02bfbd0e1423af4577a337d73a8a0ef96f2cbbc5f345ffa",
                "sha256:2db711ce31f6f9ef42c16829cc3636e3819f97c1b22a3b706afed679bc417e88"
            ],
            "index": "pypi",
            "version": "==1.8.1"
        },
        "django-js-asset": {
            "hashes": [
                "sha256:8ec12017f26eec524cab436c64ae73033368a372970af4cf42d9354fcb166bdd",
                "sha256:c163ae80d2e0b22d8fb598047cd0dcef31f81830e127cfecae278ad574167260"
            ],
            "version": "==1.2.2"
        },
        "django-markdown2": {
            "hashes": [
                "sha256:f04748d56788f6291d8d35f0e53a58530e1c0b34981b046883b319b64c8117e2"
            ],
            "index": "pypi",
            "version": "==0.3.1"
        },
        "django-mptt": {
            "hashes": [
                "sha256:90eb236eb4f1a92124bd7c37852bbe09c0d21158477cc237556d59842a91c509",
                "sha256:dfdb3af75ad27cdd4458b0544ec8574174f2b90f99bc2cafab6a15b4bc1895a8"
            ],
            "index": "pypi",
            "version": "==0.11.0"
        },
        "django-recaptcha": {
            "hashes": [
                "sha256:567784963fd5400feaf92e8951d8dbbbdb4b4c48a76e225d4baa63a2c9d2cd8c"
            ],
            "index": "pypi",
            "version": "==2.0.6"
        },
        "django-tagging": {
            "hashes": [
                "sha256:210b32af8372b8f68f261fdb7394075669222608d1e6a3bbf2031d59c826eb68",
                "sha256:3d333a28f4d19369480792ac4afcedbbfd9728054c5f7bbb7ea5db16b7d6020a"
            ],
            "index": "pypi",
            "version": "==0.4.6"
        },
        "idna": {
            "hashes": [
                "sha256:b307872f855b18632ce0c21c5e45be78c0ea7ae4c15c828c20788b26921eb3f6",
                "sha256:b97d804b1e9b523befed77c48dacec60e6dcb0b5391d57af6a65a312a90648c0"
            ],
            "version": "==2.10"
        },
        "lxml": {
            "hashes": [
                "sha256:06d4e0bbb1d62e38ae6118406d7cdb4693a3fa34ee3762238bcb96c9e36a93cd",
                "sha256:0701f7965903a1c3f6f09328c1278ac0eee8f56f244e66af79cb224b7ef3801c",
                "sha256:1f2c4ec372bf1c4a2c7e4bb20845e8bcf8050365189d86806bad1e3ae473d081",
                "sha256:4235bc124fdcf611d02047d7034164897ade13046bda967768836629bc62784f",
                "sha256:5828c7f3e615f3975d48f40d4fe66e8a7b25f16b5e5705ffe1d22e43fb1f6261",
                "sha256:585c0869f75577ac7a8ff38d08f7aac9033da2c41c11352ebf86a04652758b7a",
                "sha256:5d467ce9c5d35b3bcc7172c06320dddb275fea6ac2037f72f0a4d7472035cea9",
                "sha256:63dbc21efd7e822c11d5ddbedbbb08cd11a41e0032e382a0fd59b0b08e405a3a",
                "sha256:7bc1b221e7867f2e7ff1933165c0cec7153dce93d0cdba6554b42a8beb687bdb",
                "sha256:8620ce80f50d023d414183bf90cc2576c2837b88e00bea3f33ad2630133bbb60",
                "sha256:8a0ebda56ebca1a83eb2d1ac266649b80af8dd4b4a3502b2c1e09ac2f88fe128",
                "sha256:90ed0e36455a81b25b7034038e40880189169c308a3df360861ad74da7b68c1a",
                "sha256:95e67224815ef86924fbc2b71a9dbd1f7262384bca4bc4793645794ac4200717",
                "sha256:afdb34b715daf814d1abea0317b6d672476b498472f1e5aacbadc34ebbc26e89",
                "sha256:b4b2c63cc7963aedd08a5f5a454c9f67251b1ac9e22fd9d72836206c42dc2a72",
                "sha256:d068f55bda3c2c3fcaec24bd083d9e2eede32c583faf084d6e4b9daaea77dde8",
                "sha256:d5b3c4b7edd2e770375a01139be11307f04341ec709cf724e0f26ebb1eef12c3",
                "sha256:deadf4df349d1dcd7b2853a2c8796593cc346600726eff680ed8ed11812382a7",
                "sha256:df533af6f88080419c5a604d0d63b2c33b1c0c4409aba7d0cb6de305147ea8c8",
                "sha256:e4aa948eb15018a657702fee0b9db47e908491c64d36b4a90f59a64741516e77",
                "sha256:e5d842c73e4ef6ed8c1bd77806bf84a7cb535f9c0cf9b2c74d02ebda310070e1",
                "sha256:ebec08091a22c2be870890913bdadd86fcd8e9f0f22bcb398abd3af914690c15",
                "sha256:edc15fcfd77395e24543be48871c251f38132bb834d9fdfdad756adb6ea37679",
                "sha256:f2b74784ed7e0bc2d02bd53e48ad6ba523c9b36c194260b7a5045071abbb1012",
                "sha256:fa071559f14bd1e92077b1b5f6c22cf09756c6de7139370249eb372854ce51e6",
                "sha256:fd52e796fee7171c4361d441796b64df1acfceb51f29e545e812f16d023c4bbc",
                "sha256:fe976a0f1ef09b3638778024ab9fb8cde3118f203364212c198f71341c0715ca"
            ],
            "index": "pypi",
            "version": "==4.5.0"
        },
        "markdown2": {
            "hashes": [
                "sha256:89526090907ae5ece66d783c434b35c29ee500c1986309e306ce2346273ada6a",
                "sha256:e6b401ec80b75e76a6b3dbb2c8ade513156fa55fa6c30b9640a1abf6184a07c8"
            ],
            "version": "==2.3.9"
        },
        "oauthlib": {
            "hashes": [
                "sha256:bee41cc35fcca6e988463cacc3bcb8a96224f470ca547e697b604cc697b2f889",
                "sha256:df884cd6cbe20e32633f1db1072e9356f53638e4361bef4e8b03c9127c9328ea"
            ],
            "version": "==3.1.0"
        },
        "pillow": {
            "hashes": [
                "sha256:0a628977ac2e01ca96aaae247ec2bd38e729631ddf2221b4b715446fd45505be",
                "sha256:4d9ed9a64095e031435af120d3c910148067087541131e82b3e8db302f4c8946",
                "sha256:54ebae163e8412aff0b9df1e88adab65788f5f5b58e625dc5c7f51eaf14a6837",
                "sha256:5bfef0b1cdde9f33881c913af14e43db69815c7e8df429ceda4c70a5e529210f",
                "sha256:5f3546ceb08089cedb9e8ff7e3f6a7042bb5b37c2a95d392fb027c3e53a2da00",
                "sha256:5f7ae9126d16194f114435ebb79cc536b5682002a4fa57fa7bb2cbcde65f2f4d",
                "sha256:62a889aeb0a79e50ecf5af272e9e3c164148f4bd9636cc6bcfa182a52c8b0533",
                "sha256:7406f5a9b2fd966e79e6abdaf700585a4522e98d6559ce37fc52e5c955fade0a",
                "sha256:8453f914f4e5a3d828281a6628cf517832abfa13ff50679a4848926dac7c0358",
                "sha256:87269cc6ce1e3dee11f23fa515e4249ae678dbbe2704598a51cee76c52e19cda",
                "sha256:875358310ed7abd5320f21dd97351d62de4929b0426cdb1eaa904b64ac36b435",
                "sha256:8ac6ce7ff3892e5deaab7abaec763538ffd011f74dc1801d93d3c5fc541feee2",
                "sha256:91b710e3353aea6fc758cdb7136d9bbdcb26b53cefe43e2cba953ac3ee1d3313",
                "sha256:9d2ba4ed13af381233e2d810ff3bab84ef9f18430a9b336ab69eaf3cd24299ff",
                "sha256:a62ec5e13e227399be73303ff301f2865bf68657d15ea50b038d25fc41097317",
                "sha256:ab76e5580b0ed647a8d8d2d2daee170e8e9f8aad225ede314f684e297e3643c2",
                "sha256:bf4003aa538af3f4205c5fac56eacaa67a6dd81e454ffd9e9f055fff9f1bc614",
                "sha256:bf598d2e37cf8edb1a2f26ed3fb255191f5232badea4003c16301cb94ac5bdd0",
                "sha256:c18f70dc27cc5d236f10e7834236aff60aadc71346a5bc1f4f83a4b3abee6386",
                "sha256:c5ed816632204a2fc9486d784d8e0d0ae754347aba99c811458d69fcdfd2a2f9",
                "sha256:dc058b7833184970d1248135b8b0ab702e6daa833be14035179f2acb78ff5636",
                "sha256:ff3797f2f16bf9d17d53257612da84dd0758db33935777149b3334c01ff68865"
            ],
            "index": "pypi",
            "version": "==7.0.0"
        },
        "python3-openid": {
            "hashes": [
                "sha256:33fbf6928f401e0b790151ed2b5290b02545e8775f982485205a066f874aaeaf",
                "sha256:6626f771e0417486701e0b4daff762e7212e820ca5b29fcc0d05f6f8736dfa6b"
            ],
            "version": "==3.2.0"
        },
        "pytz": {
            "hashes": [
                "sha256:a494d53b6d39c3c6e44c3bec237336e14305e4f29bbf800b599253057fbb79ed",
                "sha256:c35965d010ce31b23eeb663ed3cc8c906275d6be1a34393a1d73a41febf4a048"
            ],
            "version": "==2020.1"
        },
        "requests": {
            "hashes": [
                "sha256:b3559a131db72c33ee969480840fff4bb6dd111de7dd27c8ee1f820f4f00231b",
                "sha256:fe75cc94a9443b9246fc7049224f75604b113c36acb93f87b80ed42c44cbb898"
            ],
            "version": "==2.24.0"
        },
        "requests-oauthlib": {
            "hashes": [
                "sha256:7f71572defaecd16372f9006f33c2ec8c077c3cfa6f5911a9a90202beb513f3d",
                "sha256:b4261601a71fd721a8bd6d7aa1cc1d6a8a93b4a9f5e96626f8e4d91e8beeaa6a"
            ],
            "version": "==1.3.0"
        },
        "six": {
            "hashes": [
                "sha256:30639c035cdb23534cd4aa2dd52c3bf48f06e5f4a941509c8bafd8ce11080259",
                "sha256:8b74bedcbbbaca38ff6d7491d76f2b06b3592611af620f8426e82dddb04a5ced"
            ],
            "version": "==1.15.0"
        },
        "sorl-thumbnail": {
            "hashes": [
                "sha256:66771521f3c0ed771e1ce8e1aaf1639ebff18f7f5a40cfd3083da8f0fe6c7c99",
                "sha256:7162639057dff222a651bacbdb6bd6f558fc32946531d541fc71e10c0167ebdf"
            ],
            "index": "pypi",
            "version": "==12.6.3"
        },
        "sqlparse": {
            "hashes": [
                "sha256:022fb9c87b524d1f7862b3037e541f68597a730a8843245c349fc93e1643dc4e",
                "sha256:e162203737712307dfe78860cc56c8da8a852ab2ee33750e33aeadf38d12c548"
            ],
            "version": "==0.3.1"
        },
        "swapper": {
            "hashes": [
                "sha256:51651018fb027354dd27ff38d5eb47a225d3e642c99b04cff878ae65b1872f64",
                "sha256:f3bc7b77b76daf46fcbd41fda9b2f599974ac8c564e129f2a9bae73871c4116e"
            ],
            "index": "pypi",
            "version": "==1.1.2.post1"
        },
        "urllib3": {
            "hashes": [
                "sha256:3018294ebefce6572a474f0604c2021e33b3fd8006ecd11d62107a5d2a963527",
                "sha256:88206b0eb87e6d677d424843ac5209e3fb9d0190d0ee169599165ec25e9d9115"
            ],
            "version": "==1.25.9"
        }
    },
    "develop": {
        "asgiref": {
            "hashes": [
                "sha256:7e51911ee147dd685c3c8b805c0ad0cb58d360987b56953878f8c06d2d1c6f1a",
                "sha256:9fc6fb5d39b8af147ba40765234fa822b39818b12cc80b35ad9b0cef3a476aed"
            ],
            "version": "==3.2.10"
        },
        "chardet": {
            "hashes": [
                "sha256:84ab92ed1c4d4f16916e05906b6b75a6c0fb5db821cc65e70cbd64a3e2a5eaae",
                "sha256:fc323ffcaeaed0e0a02bf4d117757b98aed530d9ed4531e3e15460124c106691"
            ],
            "index": "pypi",
            "version": "==3.0.4"
        },
        "django": {
            "hashes": [
                "sha256:84f370f6acedbe1f3c41e1a02de44ac206efda3355e427139ecb785b5f596d80",
                "sha256:e8fe3c2b2212dce6126becab7a693157f1a441a07b62ec994c046c76af5bb66d"
            ],
            "index": "pypi",
            "version": "==2.2.13"
        },
        "django-autocomplete-light": {
            "hashes": [
                "sha256:52e8d468060a5911c44300a374d74058c90e65bfdf87ace151abac67279c4ae5"
            ],
            "index": "pypi",
            "version": "==3.5.1"
        },
        "django-debug-toolbar": {
            "hashes": [
                "sha256:eabbefe89881bbe4ca7c980ff102e3c35c8e8ad6eb725041f538988f2f39a943",
                "sha256:ff94725e7aae74b133d0599b9bf89bd4eb8f5d2c964106e61d11750228c8774c"
            ],
            "index": "pypi",
            "version": "==2.2"
        },
        "django-js-asset": {
            "hashes": [
                "sha256:8ec12017f26eec524cab436c64ae73033368a372970af4cf42d9354fcb166bdd",
                "sha256:c163ae80d2e0b22d8fb598047cd0dcef31f81830e127cfecae278ad574167260"
            ],
            "version": "==1.2.2"
        },
        "django-mptt": {
            "hashes": [
                "sha256:90eb236eb4f1a92124bd7c37852bbe09c0d21158477cc237556d59842a91c509",
                "sha256:dfdb3af75ad27cdd4458b0544ec8574174f2b90f99bc2cafab6a15b4bc1895a8"
            ],
            "index": "pypi",
            "version": "==0.11.0"
        },
        "django-tagging": {
            "hashes": [
                "sha256:210b32af8372b8f68f261fdb7394075669222608d1e6a3bbf2031d59c826eb68",
                "sha256:3d333a28f4d19369480792ac4afcedbbfd9728054c5f7bbb7ea5db16b7d6020a"
            ],
            "index": "pypi",
            "version": "==0.4.6"
        },
        "imagestore-mitoc": {
            "editable": true,
            "path": "."
        },
        "pillow": {
            "hashes": [
                "sha256:0a628977ac2e01ca96aaae247ec2bd38e729631ddf2221b4b715446fd45505be",
                "sha256:4d9ed9a64095e031435af120d3c910148067087541131e82b3e8db302f4c8946",
                "sha256:54ebae163e8412aff0b9df1e88adab65788f5f5b58e625dc5c7f51eaf14a6837",
                "sha256:5bfef0b1cdde9f33881c913af14e43db69815c7e8df429ceda4c70a5e529210f",
                "sha256:5f3546ceb08089cedb9e8ff7e3f6a7042bb5b37c2a95d392fb027c3e53a2da00",
                "sha256:5f7ae9126d16194f114435ebb79cc536b5682002a4fa57fa7bb2cbcde65f2f4d",
                "sha256:62a889aeb0a79e50ecf5af272e9e3c164148f4bd9636cc6bcfa182a52c8b0533",
                "sha256:7406f5a9b2fd966e79e6abdaf700585a4522e98d6559ce37fc52e5c955fade0a",
                "sha256:8453f914f4e5a3d828281a6628cf517832abfa13ff50679a4848926dac7c0358",
                "sha256:87269cc6ce1e3dee11f23fa515e4249ae678dbbe2704598a51cee76c52e19cda",
                "sha256:875358310ed7abd5320f21dd97351d62de4929b0426cdb1eaa904b64ac36b435",
                "sha256:8ac6ce7ff3892e5deaab7abaec763538ffd011f74dc1801d93d3c5fc541feee2",
                "sha256:91b710e3353aea6fc758cdb7136d9bbdcb26b53cefe43e2cba953ac3ee1d3313",
                "sha256:9d2ba4ed13af381233e2d810ff3bab84ef9f18430a9b336ab69eaf3cd24299ff",
                "sha256:a62ec5e13e227399be73303ff301f2865bf68657d15ea50b038d25fc41097317",
                "sha256:ab76e5580b0ed647a8d8d2d2daee170e8e9f8aad225ede314f684e297e3643c2",
                "sha256:bf4003aa538af3f4205c5fac56eacaa67a6dd81e454ffd9e9f055fff9f1bc614",
                "sha256:bf598d2e37cf8edb1a2f26ed3fb255191f5232badea4003c16301cb94ac5bdd0",
                "sha256:c18f70dc27cc5d236f10e7834236aff60aadc71346a5bc1f4f83a4b3abee6386",
                "sha256:c5ed816632204a2fc9486d784d8e0d0ae754347aba99c811458d69fcdfd2a2f9",
                "sha256:dc058b7833184970d1248135b8b0ab702e6daa833be14035179f2acb78ff5636",
                "sha256:ff3797f2f16bf9d17d53257612da84dd0758db33935777149b3334c01ff68865"
            ],
            "index": "pypi",
            "version": "==7.0.0"
        },
        "pytz": {
            "hashes": [
                "sha256:a494d53b6d39c3c6e44c3bec237336e14305e4f29bbf800b599253057fbb79ed",
                "sha256:c35965d010ce31b23eeb663ed3cc8c906275d6be1a34393a1d73a41febf4a048"
            ],
            "version": "==2020.1"
        },
        "six": {
            "hashes": [
                "sha256:30639c035cdb23534cd4aa2dd52c3bf48f06e5f4a941509c8bafd8ce11080259",
                "sha256:8b74bedcbbbaca38ff6d7491d76f2b06b3592611af620f8426e82dddb04a5ced"
            ],
            "version": "==1.15.0"
        },
        "sorl-thumbnail": {
            "hashes": [
                "sha256:66771521f3c0ed771e1ce8e1aaf1639ebff18f7f5a40cfd3083da8f0fe6c7c99",
                "sha256:7162639057dff222a651bacbdb6bd6f558fc32946531d541fc71e10c0167ebdf"
            ],
            "index": "pypi",
            "version": "==12.6.3"
        },
        "sqlparse": {
            "hashes": [
                "sha256:022fb9c87b524d1f7862b3037e541f68597a730a8843245c349fc93e1643dc4e",
                "sha256:e162203737712307dfe78860cc56c8da8a852ab2ee33750e33aeadf38d12c548"
            ],
            "version": "==0.3.1"
        },
        "swapper": {
            "hashes": [
                "sha256:51651018fb027354dd27ff38d5eb47a225d3e642c99b04cff878ae65b1872f64",
                "sha256:f3bc7b77b76daf46fcbd41fda9b2f599974ac8c564e129f2a9bae73871c4116e"
            ],
            "index": "pypi",
            "version": "==1.1.2.post1"
        }
    }
}
